
Microsoft Visual Studio Solution File, Format Version 12.00
# Visual Studio Version 17
VisualStudioVersion = 17.3.32804.467
MinimumVisualStudioVersion = 10.0.40219.1
Project("{FAE04EC0-301F-11D3-BF4B-00C04F79EFBC}") = "BE-V2", "BE-V2\BE-V2.csproj", "{8D18F6E9-16FC-44EF-A77C-9E995C2EC04E}"
EndProject
Global
	GlobalSection(SolutionConfigurationPlatforms) = preSolution
		Debug|Any CPU = Debug|Any CPU
		Release|Any CPU = Release|Any CPU
	EndGlobalSection
	GlobalSection(ProjectConfigurationPlatforms) = postSolution
		{8D18F6E9-16FC-44EF-A77C-9E995C2EC04E}.Debug|Any CPU.ActiveCfg = Debug|Any CPU
		{8D18F6E9-16FC-44EF-A77C-9E995C2EC04E}.Debug|Any CPU.Build.0 = Debug|Any CPU
		{8D18F6E9-16FC-44EF-A77C-9E995C2EC04E}.Release|Any CPU.ActiveCfg = Release|Any CPU
		{8D18F6E9-16FC-44EF-A77C-9E995C2EC04E}.Release|Any CPU.Build.0 = Release|Any CPU
	EndGlobalSection
	GlobalSection(SolutionProperties) = preSolution
		HideSolutionNode = FALSE
	EndGlobalSection
	GlobalSection(ExtensibilityGlobals) = postSolution
		SolutionGuid = {ABA77BE6-B494-4A94-BDC8-0D014CB0F2E8}
	EndGlobalSection
EndGlobal
